
Microsoft Visual Studio Solution File, Format Version 12.00
# Visual Studio 14
VisualStudioVersion = 14.0.23107.0
MinimumVisualStudioVersion = 10.0.40219.1
Project("{159641D6-6404-4A2A-AE62-294DE0FE8301}") = "Cowpay_Migration", "Cowpay_Migration\Cowpay_Migration.dtproj", "{50C6FF7B-6E4C-40D5-B31E-235A78036697}"
EndProject
Global
	GlobalSection(SolutionConfigurationPlatforms) = preSolution
		Development|Default = Development|Default
	EndGlobalSection
	GlobalSection(ProjectConfigurationPlatforms) = postSolution
		{50C6FF7B-6E4C-40D5-B31E-235A78036697}.Development|Default.ActiveCfg = Development
		{50C6FF7B-6E4C-40D5-B31E-235A78036697}.Development|Default.Build.0 = Development
	EndGlobalSection
	GlobalSection(SolutionProperties) = preSolution
		HideSolutionNode = FALSE
	EndGlobalSection
EndGlobal
